
Microsoft Visual Studio Solution File, Format Version 12.00
# Visual Studio Version 17
VisualStudioVersion = 17.7.34024.191
MinimumVisualStudioVersion = 10.0.40219.1
Project("{FAE04EC0-301F-11D3-BF4B-00C04F79EFBC}") = "HardSkillStation", "HardSkillStation\HardSkillStation.csproj", "{CC51ECBD-C055-45B2-B4F6-38F28F0A1EAF}"
EndProject
Global
	GlobalSection(SolutionConfigurationPlatforms) = preSolution
		Debug|Any CPU = Debug|Any CPU
		Release|Any CPU = Release|Any CPU
	EndGlobalSection
	GlobalSection(ProjectConfigurationPlatforms) = postSolution
		{CC51ECBD-C055-45B2-B4F6-38F28F0A1EAF}.Debug|Any CPU.ActiveCfg = Debug|Any CPU
		{CC51ECBD-C055-45B2-B4F6-38F28F0A1EAF}.Debug|Any CPU.Build.0 = Debug|Any CPU
		{CC51ECBD-C055-45B2-B4F6-38F28F0A1EAF}.Release|Any CPU.ActiveCfg = Release|Any CPU
		{CC51ECBD-C055-45B2-B4F6-38F28F0A1EAF}.Release|Any CPU.Build.0 = Release|Any CPU
	EndGlobalSection
	GlobalSection(SolutionProperties) = preSolution
		HideSolutionNode = FALSE
	EndGlobalSection
	GlobalSection(ExtensibilityGlobals) = postSolution
		SolutionGuid = {584CDB22-C020-4301-B955-887F64BAA2B9}
	EndGlobalSection
EndGlobal
